{
  "pins" : [
    {
      "identity" : "cipherencryption",
      "kind" : "remoteSourceControl",
      "location" : "https://github.com/rayhaanalykhan/CipherEncryption.git",
      "state" : {
        "branch" : "main",
        "revision" : "961fe44dbdadfd130e66041971443c650d2c5b08"
      }
    }
  ],
  "version" : 2
}
